PODS:
  - SVProgressHUD (2.2.5)
  - WorldlineConnectSDK (7.0.0)

DEPENDENCIES:
  - SVProgressHUD
  - WorldlineConnectSDK (7.0.0)

SPEC REPOS:
  trunk:
    - SVProgressHUD
    - WorldlineConnectSDK

SPEC CHECKSUMS:
  SVProgressHUD: 1428aafac632c1f86f62aa4243ec12008d7a51d6
  WorldlineConnectSDK: e826bdbd371d8805a81a8ae022ac47c2552c07ac

PODFILE CHECKSUM: d168e28c156960f40570eca2279e6f1d6abe0f35

COCOAPODS: 1.15.2
