PODS:
  - SVProgressHUD (2.2.5)
  - WorldlineConnectSDK (7.0.0)

DEPENDENCIES:
  - SVProgressHUD
  - WorldlineConnectSDK

SPEC REPOS:
  trunk:
    - SVProgressHUD
    - WorldlineConnectSDK

SPEC CHECKSUMS:
  SVProgressHUD: 1428aafac632c1f86f62aa4243ec12008d7a51d6
  WorldlineConnectSDK: 4fcdce122a4463fdae460935512228cfaf49ab37

PODFILE CHECKSUM: 27ca965511f077384675def3ac86703b6524d8f6

COCOAPODS: 1.15.2
